
Microsoft Visual Studio Solution File, Format Version 12.00
# Visual Studio Version 16
VisualStudioVersion = 16.0.31515.178
MinimumVisualStudioVersion = 10.0.40219.1
Project("{FAE04EC0-301F-11D3-BF4B-00C04F79EFBC}") = "FuelMonitor", "FuelMonitor\FuelMonitor.csproj", "{C3ACE65C-CAB4-48ED-8AE5-1A883F7D81BB}"
EndProject
Global
	GlobalSection(SolutionConfigurationPlatforms) = preSolution
		Debug|Any CPU = Debug|Any CPU
		Release|Any CPU = Release|Any CPU
	EndGlobalSection
	GlobalSection(ProjectConfigurationPlatforms) = postSolution
		{C3ACE65C-CAB4-48ED-8AE5-1A883F7D81BB}.Debug|Any CPU.ActiveCfg = Debug|Any CPU
		{C3ACE65C-CAB4-48ED-8AE5-1A883F7D81BB}.Debug|Any CPU.Build.0 = Debug|Any CPU
		{C3ACE65C-CAB4-48ED-8AE5-1A883F7D81BB}.Release|Any CPU.ActiveCfg = Release|Any CPU
		{C3ACE65C-CAB4-48ED-8AE5-1A883F7D81BB}.Release|Any CPU.Build.0 = Release|Any CPU
	EndGlobalSection
	GlobalSection(SolutionProperties) = preSolution
		HideSolutionNode = FALSE
	EndGlobalSection
	GlobalSection(ExtensibilityGlobals) = postSolution
		SolutionGuid = {C0403EA2-BE90-4E44-9888-E112A307FF14}
	EndGlobalSection
EndGlobal
